// !$*UTF8*$!
{
	archiveVersion = 1;
	classes = {
	};
	objectVersion = 51;
	objects = {

/* Begin PBXBuildFile section */
		500C9E3025FA4B18003C0EC6 /* OfferDetailViewModel.swift in Sources */ = {isa = PBXBuildFile; fileRef = 500C9E2F25FA4B18003C0EC6 /* OfferDetailViewModel.swift */; };
		500C9E3325FA535D003C0EC6 /* OfferDetailImageViewModel.swift in Sources */ = {isa = PBXBuildFile; fileRef = 500C9E3225FA535D003C0EC6 /* OfferDetailImageViewModel.swift */; };
		503C963225FE2CC4006CC8B0 /* View + Extensions.swift in Sources */ = {isa = PBXBuildFile; fileRef = 503C963125FE2CC4006CC8B0 /* View + Extensions.swift */; };
		5076AFBB25FA822E00E49C17 /* OfferDetailMainViewModel.swift in Sources */ = {isa = PBXBuildFile; fileRef = 5076AFBA25FA822E00E49C17 /* OfferDetailMainViewModel.swift */; };
		5076AFBE25FA824D00E49C17 /* OfferDetailPriceViewModel.swift in Sources */ = {isa = PBXBuildFile; fileRef = 5076AFBD25FA824D00E49C17 /* OfferDetailPriceViewModel.swift */; };
		5076AFC625FA9C5800E49C17 /* PriceRowView.swift in Sources */ = {isa = PBXBuildFile; fileRef = 5076AFC525FA9C5800E49C17 /* PriceRowView.swift */; };
		5078234025F9376D0003B794 /* AppDelegate.swift in Sources */ = {isa = PBXBuildFile; fileRef = 5078233F25F9376D0003B794 /* AppDelegate.swift */; };
		5078234225F9376D0003B794 /* SceneDelegate.swift in Sources */ = {isa = PBXBuildFile; fileRef = 5078234125F9376D0003B794 /* SceneDelegate.swift */; };
		5078234425F9376D0003B794 /* OfferPortfolioView.swift in Sources */ = {isa = PBXBuildFile; fileRef = 5078234325F9376D0003B794 /* OfferPortfolioView.swift */; };
		5078234625F9376E0003B794 /* Assets.xcassets in Resources */ = {isa = PBXBuildFile; fileRef = 5078234525F9376E0003B794 /* Assets.xcassets */; };
		5078234925F9376E0003B794 /* Preview Assets.xcassets in Resources */ = {isa = PBXBuildFile; fileRef = 5078234825F9376E0003B794 /* Preview Assets.xcassets */; };
		5078234C25F9376E0003B794 /* LaunchScreen.storyboard in Resources */ = {isa = PBXBuildFile; fileRef = 5078234A25F9376E0003B794 /* LaunchScreen.storyboard */; };
		5078235525F9391B0003B794 /* OfferPortfolioRowView.swift in Sources */ = {isa = PBXBuildFile; fileRef = 5078235425F9391B0003B794 /* OfferPortfolioRowView.swift */; };
		5078235925F93A7D0003B794 /* OfferModel.swift in Sources */ = {isa = PBXBuildFile; fileRef = 5078235825F93A7D0003B794 /* OfferModel.swift */; };
		5078236025F93C1C0003B794 /* OfferWebService.swift in Sources */ = {isa = PBXBuildFile; fileRef = 5078235D25F93C1C0003B794 /* OfferWebService.swift */; };
		5078236125F93C1C0003B794 /* Parsing.swift in Sources */ = {isa = PBXBuildFile; fileRef = 5078235E25F93C1C0003B794 /* Parsing.swift */; };
		5078236225F93C1C0003B794 /* OfferError.swift in Sources */ = {isa = PBXBuildFile; fileRef = 5078235F25F93C1C0003B794 /* OfferError.swift */; };
		50867AF525F93DEB00144F65 /* OfferPortfolioViewModel.swift in Sources */ = {isa = PBXBuildFile; fileRef = 50867AF425F93DEB00144F65 /* OfferPortfolioViewModel.swift */; };
		50867AF925F97AB700144F65 /* OfferPortfolioRowViewModel.swift in Sources */ = {isa = PBXBuildFile; fileRef = 50867AF825F97AB700144F65 /* OfferPortfolioRowViewModel.swift */; };
		50B3082625FE7D93006E5BF7 /* ImageRowView.swift in Sources */ = {isa = PBXBuildFile; fileRef = 50B3082525FE7D93006E5BF7 /* ImageRowView.swift */; };
		50D7E4EC25FA49FD005F3853 /* OfferDetailView.swift in Sources */ = {isa = PBXBuildFile; fileRef = 50D7E4EB25FA49FD005F3853 /* OfferDetailView.swift */; };
		70F2DE39EC6F5345B6D8BC13 /* Pods_Cluno.framework in Frameworks */ = {isa = PBXBuildFile; fileRef = 5D31F9FF4D285DB92BDA32AD /* Pods_Cluno.framework */; };
/* End PBXBuildFile section */

/* Begin PBXFileReference section */
		17F98B2D12C49ACBF50131AD /* Pods-Cluno.release.xcconfig */ = {isa = PBXFileReference; includeInIndex = 1; lastKnownFileType = text.xcconfig; name = "Pods-Cluno.release.xcconfig"; path = "Target Support Files/Pods-Cluno/Pods-Cluno.release.xcconfig"; sourceTree = "<group>"; };
		1F8340647C279F5FE62219A7 /* Pods-Cluno.debug.xcconfig */ = {isa = PBXFileReference; includeInIndex = 1; lastKnownFileType = text.xcconfig; name = "Pods-Cluno.debug.xcconfig"; path = "Target Support Files/Pods-Cluno/Pods-Cluno.debug.xcconfig"; sourceTree = "<group>"; };
		500C9E2F25FA4B18003C0EC6 /* OfferDetailViewModel.swift */ = {isa = PBXFileReference; lastKnownFileType = sourcecode.swift; path = OfferDetailViewModel.swift; sourceTree = "<group>"; };
		500C9E3225FA535D003C0EC6 /* OfferDetailImageViewModel.swift */ = {isa = PBXFileReference; lastKnownFileType = sourcecode.swift; path = OfferDetailImageViewModel.swift; sourceTree = "<group>"; };
		503C963125FE2CC4006CC8B0 /* View + Extensions.swift */ = {isa = PBXFileReference; lastKnownFileType = sourcecode.swift; path = "View + Extensions.swift"; sourceTree = "<group>"; };
		5076AFBA25FA822E00E49C17 /* OfferDetailMainViewModel.swift */ = {isa = PBXFileReference; lastKnownFileType = sourcecode.swift; path = OfferDetailMainViewModel.swift; sourceTree = "<group>"; };
		5076AFBD25FA824D00E49C17 /* OfferDetailPriceViewModel.swift */ = {isa = PBXFileReference; lastKnownFileType = sourcecode.swift; path = OfferDetailPriceViewModel.swift; sourceTree = "<group>"; };
		5076AFC525FA9C5800E49C17 /* PriceRowView.swift */ = {isa = PBXFileReference; lastKnownFileType = sourcecode.swift; path = PriceRowView.swift; sourceTree = "<group>"; };
		5078233C25F9376D0003B794 /* Cluno.app */ = {isa = PBXFileReference; explicitFileType = wrapper.application; includeInIndex = 0; path = Cluno.app; sourceTree = BUILT_PRODUCTS_DIR; };
		5078233F25F9376D0003B794 /* AppDelegate.swift */ = {isa = PBXFileReference; lastKnownFileType = sourcecode.swift; path = AppDelegate.swift; sourceTree = "<group>"; };
		5078234125F9376D0003B794 /* SceneDelegate.swift */ = {isa = PBXFileReference; lastKnownFileType = sourcecode.swift; path = SceneDelegate.swift; sourceTree = "<group>"; };
		5078234325F9376D0003B794 /* OfferPortfolioView.swift */ = {isa = PBXFileReference; lastKnownFileType = sourcecode.swift; path = OfferPortfolioView.swift; sourceTree = "<group>"; };
		5078234525F9376E0003B794 /* Assets.xcassets */ = {isa = PBXFileReference; lastKnownFileType = folder.assetcatalog; path = Assets.xcassets; sourceTree = "<group>"; };
		5078234825F9376E0003B794 /* Preview Assets.xcassets */ = {isa = PBXFileReference; lastKnownFileType = folder.assetcatalog; path = "Preview Assets.xcassets"; sourceTree = "<group>"; };
		5078234B25F9376E0003B794 /* Base */ = {isa = PBXFileReference; lastKnownFileType = file.storyboard; name = Base; path = Base.lproj/LaunchScreen.storyboard; sourceTree = "<group>"; };
		5078234D25F9376E0003B794 /* Info.plist */ = {isa = PBXFileReference; lastKnownFileType = text.plist.xml; path = Info.plist; sourceTree = "<group>"; };
		5078235425F9391B0003B794 /* OfferPortfolioRowView.swift */ = {isa = PBXFileReference; lastKnownFileType = sourcecode.swift; path = OfferPortfolioRowView.swift; sourceTree = "<group>"; };
		5078235825F93A7D0003B794 /* OfferModel.swift */ = {isa = PBXFileReference; lastKnownFileType = sourcecode.swift; path = OfferModel.swift; sourceTree = "<group>"; };
		5078235D25F93C1C0003B794 /* OfferWebService.swift */ = {isa = PBXFileReference; fileEncoding = 4; lastKnownFileType = sourcecode.swift; path = OfferWebService.swift; sourceTree = "<group>"; };
		5078235E25F93C1C0003B794 /* Parsing.swift */ = {isa = PBXFileReference; fileEncoding = 4; lastKnownFileType = sourcecode.swift; path = Parsing.swift; sourceTree = "<group>"; };
		5078235F25F93C1C0003B794 /* OfferError.swift */ = {isa = PBXFileReference; fileEncoding = 4; lastKnownFileType = sourcecode.swift; path = OfferError.swift; sourceTree = "<group>"; };
		50867AF425F93DEB00144F65 /* OfferPortfolioViewModel.swift */ = {isa = PBXFileReference; lastKnownFileType = sourcecode.swift; path = OfferPortfolioViewModel.swift; sourceTree = "<group>"; };
		50867AF825F97AB700144F65 /* OfferPortfolioRowViewModel.swift */ = {isa = PBXFileReference; lastKnownFileType = sourcecode.swift; path = OfferPortfolioRowViewModel.swift; sourceTree = "<group>"; };
		50B3082525FE7D93006E5BF7 /* ImageRowView.swift */ = {isa = PBXFileReference; lastKnownFileType = sourcecode.swift; path = ImageRowView.swift; sourceTree = "<group>"; };
		50D7E4EB25FA49FD005F3853 /* OfferDetailView.swift */ = {isa = PBXFileReference; lastKnownFileType = sourcecode.swift; path = OfferDetailView.swift; sourceTree = "<group>"; };
		5D31F9FF4D285DB92BDA32AD /* Pods_Cluno.framework */ = {isa = PBXFileReference; explicitFileType = wrapper.framework; includeInIndex = 0; path = Pods_Cluno.framework; sourceTree = BUILT_PRODUCTS_DIR; };
/* End PBXFileReference section */

/* Begin PBXFrameworksBuildPhase section */
		5078233925F9376D0003B794 /* Frameworks */ = {
			isa = PBXFrameworksBuildPhase;
			buildActionMask = 2147483647;
			files = (
				70F2DE39EC6F5345B6D8BC13 /* Pods_Cluno.framework in Frameworks */,
			);
			runOnlyForDeploymentPostprocessing = 0;
		};
/* End PBXFrameworksBuildPhase section */

/* Begin PBXGroup section */
		503C963025FE2CA5006CC8B0 /* Utilities */ = {
			isa = PBXGroup;
			children = (
				503C963125FE2CC4006CC8B0 /* View + Extensions.swift */,
			);
			path = Utilities;
			sourceTree = "<group>";
		};
		5078233325F9376D0003B794 = {
			isa = PBXGroup;
			children = (
				5078233E25F9376D0003B794 /* Cluno */,
				5078233D25F9376D0003B794 /* Products */,
				E76F57722CF4B09B328E7DCA /* Pods */,
				84EC223097ECC6CE0138B1DD /* Frameworks */,
			);
			sourceTree = "<group>";
		};
		5078233D25F9376D0003B794 /* Products */ = {
			isa = PBXGroup;
			children = (
				5078233C25F9376D0003B794 /* Cluno.app */,
			);
			name = Products;
			sourceTree = "<group>";
		};
		5078233E25F9376D0003B794 /* Cluno */ = {
			isa = PBXGroup;
			children = (
				50B3082E25FE8172006E5BF7 /* SupportFiles */,
				50B3082D25FE8160006E5BF7 /* Application */,
				503C963025FE2CA5006CC8B0 /* Utilities */,
				50D7E4EA25FA49C6005F3853 /* Offer Detail */,
				5078236425F93C630003B794 /* Offer Portfolio */,
				5078235C25F93BA20003B794 /* Services */,
				5078235725F93A640003B794 /* Model */,
			);
			path = Cluno;
			sourceTree = "<group>";
		};
		5078234725F9376E0003B794 /* Preview Content */ = {
			isa = PBXGroup;
			children = (
				5078234825F9376E0003B794 /* Preview Assets.xcassets */,
			);
			path = "Preview Content";
			sourceTree = "<group>";
		};
		5078235725F93A640003B794 /* Model */ = {
			isa = PBXGroup;
			children = (
				5078235825F93A7D0003B794 /* OfferModel.swift */,
			);
			path = Model;
			sourceTree = "<group>";
		};
		5078235C25F93BA20003B794 /* Services */ = {
			isa = PBXGroup;
			children = (
				5078235F25F93C1C0003B794 /* OfferError.swift */,
				5078235D25F93C1C0003B794 /* OfferWebService.swift */,
				5078235E25F93C1C0003B794 /* Parsing.swift */,
			);
			path = Services;
			sourceTree = "<group>";
		};
		5078236425F93C630003B794 /* Offer Portfolio */ = {
			isa = PBXGroup;
			children = (
				5078234325F9376D0003B794 /* OfferPortfolioView.swift */,
				50867AF425F93DEB00144F65 /* OfferPortfolioViewModel.swift */,
				5078235425F9391B0003B794 /* OfferPortfolioRowView.swift */,
				50867AF825F97AB700144F65 /* OfferPortfolioRowViewModel.swift */,
			);
			path = "Offer Portfolio";
			sourceTree = "<group>";
		};
		50B3082D25FE8160006E5BF7 /* Application */ = {
			isa = PBXGroup;
			children = (
				5078233F25F9376D0003B794 /* AppDelegate.swift */,
				5078234125F9376D0003B794 /* SceneDelegate.swift */,
			);
			path = Application;
			sourceTree = "<group>";
		};
		50B3082E25FE8172006E5BF7 /* SupportFiles */ = {
			isa = PBXGroup;
			children = (
				5078234525F9376E0003B794 /* Assets.xcassets */,
				5078234A25F9376E0003B794 /* LaunchScreen.storyboard */,
				5078234D25F9376E0003B794 /* Info.plist */,
				5078234725F9376E0003B794 /* Preview Content */,
			);
			path = SupportFiles;
			sourceTree = "<group>";
		};
		50D7E4EA25FA49C6005F3853 /* Offer Detail */ = {
			isa = PBXGroup;
			children = (
				50D7E4EB25FA49FD005F3853 /* OfferDetailView.swift */,
				500C9E2F25FA4B18003C0EC6 /* OfferDetailViewModel.swift */,
				500C9E3225FA535D003C0EC6 /* OfferDetailImageViewModel.swift */,
				5076AFBA25FA822E00E49C17 /* OfferDetailMainViewModel.swift */,
				5076AFBD25FA824D00E49C17 /* OfferDetailPriceViewModel.swift */,
				5076AFC525FA9C5800E49C17 /* PriceRowView.swift */,
				50B3082525FE7D93006E5BF7 /* ImageRowView.swift */,
			);
			path = "Offer Detail";
			sourceTree = "<group>";
		};
		84EC223097ECC6CE0138B1DD /* Frameworks */ = {
			isa = PBXGroup;
			children = (
				5D31F9FF4D285DB92BDA32AD /* Pods_Cluno.framework */,
			);
			name = Frameworks;
			sourceTree = "<group>";
		};
		E76F57722CF4B09B328E7DCA /* Pods */ = {
			isa = PBXGroup;
			children = (
				1F8340647C279F5FE62219A7 /* Pods-Cluno.debug.xcconfig */,
				17F98B2D12C49ACBF50131AD /* Pods-Cluno.release.xcconfig */,
			);
			path = Pods;
			sourceTree = "<group>";
		};
/* End PBXGroup section */

/* Begin PBXNativeTarget section */
		5078233B25F9376D0003B794 /* Cluno */ = {
			isa = PBXNativeTarget;
			buildConfigurationList = 5078235025F9376E0003B794 /* Build configuration list for PBXNativeTarget "Cluno" */;
			buildPhases = (
				EAA0DEE57540ABE2EAE6E0EE /* [CP] Check Pods Manifest.lock */,
				5078233825F9376D0003B794 /* Sources */,
				5078233925F9376D0003B794 /* Frameworks */,
				5078233A25F9376D0003B794 /* Resources */,
				23986B761D31B2FD11F8884F /* [CP] Embed Pods Frameworks */,
			);
			buildRules = (
			);
			dependencies = (
			);
			name = Cluno;
			productName = Cluno;
			productReference = 5078233C25F9376D0003B794 /* Cluno.app */;
			productType = "com.apple.product-type.application";
		};
/* End PBXNativeTarget section */

/* Begin PBXProject section */
		5078233425F9376D0003B794 /* Project object */ = {
			isa = PBXProject;
			attributes = {
				LastSwiftUpdateCheck = 1240;
				LastUpgradeCheck = 1240;
				TargetAttributes = {
					5078233B25F9376D0003B794 = {
						CreatedOnToolsVersion = 12.4;
					};
				};
			};
			buildConfigurationList = 5078233725F9376D0003B794 /* Build configuration list for PBXProject "Cluno" */;
			compatibilityVersion = "Xcode 9.3";
			developmentRegion = en;
			hasScannedForEncodings = 0;
			knownRegions = (
				en,
				Base,
			);
			mainGroup = 5078233325F9376D0003B794;
			productRefGroup = 5078233D25F9376D0003B794 /* Products */;
			projectDirPath = "";
			projectRoot = "";
			targets = (
				5078233B25F9376D0003B794 /* Cluno */,
			);
		};
/* End PBXProject section */

/* Begin PBXResourcesBuildPhase section */
		5078233A25F9376D0003B794 /* Resources */ = {
			isa = PBXResourcesBuildPhase;
			buildActionMask = 2147483647;
			files = (
				5078234C25F9376E0003B794 /* LaunchScreen.storyboard in Resources */,
				5078234925F9376E0003B794 /* Preview Assets.xcassets in Resources */,
				5078234625F9376E0003B794 /* Assets.xcassets in Resources */,
			);
			runOnlyForDeploymentPostprocessing = 0;
		};
/* End PBXResourcesBuildPhase section */

/* Begin PBXShellScriptBuildPhase section */
		23986B761D31B2FD11F8884F /* [CP] Embed Pods Frameworks */ = {
			isa = PBXShellScriptBuildPhase;
			buildActionMask = 2147483647;
			files = (
			);
			inputFileListPaths = (
				"${PODS_ROOT}/Target Support Files/Pods-Cluno/Pods-Cluno-frameworks-${CONFIGURATION}-input-files.xcfilelist",
			);
			name = "[CP] Embed Pods Frameworks";
			outputFileListPaths = (
				"${PODS_ROOT}/Target Support Files/Pods-Cluno/Pods-Cluno-frameworks-${CONFIGURATION}-output-files.xcfilelist",
			);
			runOnlyForDeploymentPostprocessing = 0;
			shellPath = /bin/sh;
			shellScript = "\"${PODS_ROOT}/Target Support Files/Pods-Cluno/Pods-Cluno-frameworks.sh\"\n";
			showEnvVarsInLog = 0;
		};
		EAA0DEE57540ABE2EAE6E0EE /* [CP] Check Pods Manifest.lock */ = {
			isa = PBXShellScriptBuildPhase;
			buildActionMask = 2147483647;
			files = (
			);
			inputFileListPaths = (
			);
			inputPaths = (
				"${PODS_PODFILE_DIR_PATH}/Podfile.lock",
				"${PODS_ROOT}/Manifest.lock",
			);
			name = "[CP] Check Pods Manifest.lock";
			outputFileListPaths = (
			);
			outputPaths = (
				"$(DERIVED_FILE_DIR)/Pods-Cluno-checkManifestLockResult.txt",
			);
			runOnlyForDeploymentPostprocessing = 0;
			shellPath = /bin/sh;
			shellScript = "diff \"${PODS_PODFILE_DIR_PATH}/Podfile.lock\" \"${PODS_ROOT}/Manifest.lock\" > /dev/null\nif [ $? != 0 ] ; then\n    # print error to STDERR\n    echo \"error: The sandbox is not in sync with the Podfile.lock. Run 'pod install' or update your CocoaPods installation.\" >&2\n    exit 1\nfi\n# This output is used by Xcode 'outputs' to avoid re-running this script phase.\necho \"SUCCESS\" > \"${SCRIPT_OUTPUT_FILE_0}\"\n";
			showEnvVarsInLog = 0;
		};
/* End PBXShellScriptBuildPhase section */

/* Begin PBXSourcesBuildPhase section */
		5078233825F9376D0003B794 /* Sources */ = {
			isa = PBXSourcesBuildPhase;
			buildActionMask = 2147483647;
			files = (
				50D7E4EC25FA49FD005F3853 /* OfferDetailView.swift in Sources */,
				5076AFC625FA9C5800E49C17 /* PriceRowView.swift in Sources */,
				50867AF925F97AB700144F65 /* OfferPortfolioRowViewModel.swift in Sources */,
				5078236125F93C1C0003B794 /* Parsing.swift in Sources */,
				5078234025F9376D0003B794 /* AppDelegate.swift in Sources */,
				50867AF525F93DEB00144F65 /* OfferPortfolioViewModel.swift in Sources */,
				5078234225F9376D0003B794 /* SceneDelegate.swift in Sources */,
				5078235925F93A7D0003B794 /* OfferModel.swift in Sources */,
				5078236025F93C1C0003B794 /* OfferWebService.swift in Sources */,
				5078235525F9391B0003B794 /* OfferPortfolioRowView.swift in Sources */,
				503C963225FE2CC4006CC8B0 /* View + Extensions.swift in Sources */,
				5078234425F9376D0003B794 /* OfferPortfolioView.swift in Sources */,
				500C9E3025FA4B18003C0EC6 /* OfferDetailViewModel.swift in Sources */,
				5078236225F93C1C0003B794 /* OfferError.swift in Sources */,
				50B3082625FE7D93006E5BF7 /* ImageRowView.swift in Sources */,
				5076AFBB25FA822E00E49C17 /* OfferDetailMainViewModel.swift in Sources */,
				5076AFBE25FA824D00E49C17 /* OfferDetailPriceViewModel.swift in Sources */,
				500C9E3325FA535D003C0EC6 /* OfferDetailImageViewModel.swift in Sources */,
			);
			runOnlyForDeploymentPostprocessing = 0;
		};
/* End PBXSourcesBuildPhase section */

/* Begin PBXVariantGroup section */
		5078234A25F9376E0003B794 /* LaunchScreen.storyboard */ = {
			isa = PBXVariantGroup;
			children = (
				5078234B25F9376E0003B794 /* Base */,
			);
			name = LaunchScreen.storyboard;
			sourceTree = "<group>";
		};
/* End PBXVariantGroup section */

/* Begin XCBuildConfiguration section */
		5078234E25F9376E0003B794 /* Debug */ = {
			isa = XCBuildConfiguration;
			buildSettings = {
				ALWAYS_SEARCH_USER_PATHS = NO;
				CLANG_ANALYZER_NONNULL = YES;
				CLANG_ANALYZER_NUMBER_OBJECT_CONVERSION = YES_AGGRESSIVE;
				CLANG_CXX_LANGUAGE_STANDARD = "gnu++14";
				CLANG_CXX_LIBRARY = "libc++";
				CLANG_ENABLE_MODULES = YES;
				CLANG_ENABLE_OBJC_ARC = YES;
				CLANG_ENABLE_OBJC_WEAK = YES;
				CLANG_WARN_BLOCK_CAPTURE_AUTORELEASING = YES;
				CLANG_WARN_BOOL_CONVERSION = YES;
				CLANG_WARN_COMMA = YES;
				CLANG_WARN_CONSTANT_CONVERSION = YES;
				CLANG_WARN_DEPRECATED_OBJC_IMPLEMENTATIONS = YES;
				CLANG_WARN_DIRECT_OBJC_ISA_USAGE = YES_ERROR;
				CLANG_WARN_DOCUMENTATION_COMMENTS = YES;
				CLANG_WARN_EMPTY_BODY = YES;
				CLANG_WARN_ENUM_CONVERSION = YES;
				CLANG_WARN_INFINITE_RECURSION = YES;
				CLANG_WARN_INT_CONVERSION = YES;
				CLANG_WARN_NON_LITERAL_NULL_CONVERSION = YES;
				CLANG_WARN_OBJC_IMPLICIT_RETAIN_SELF = YES;
				CLANG_WARN_OBJC_LITERAL_CONVERSION = YES;
				CLANG_WARN_OBJC_ROOT_CLASS = YES_ERROR;
				CLANG_WARN_QUOTED_INCLUDE_IN_FRAMEWORK_HEADER = YES;
				CLANG_WARN_RANGE_LOOP_ANALYSIS = YES;
				CLANG_WARN_STRICT_PROTOTYPES = YES;
				CLANG_WARN_SUSPICIOUS_MOVE = YES;
				CLANG_WARN_UNGUARDED_AVAILABILITY = YES_AGGRESSIVE;
				CLANG_WARN_UNREACHABLE_CODE = YES;
				CLANG_WARN__DUPLICATE_METHOD_MATCH = YES;
				COPY_PHASE_STRIP = NO;
				DEBUG_INFORMATION_FORMAT = dwarf;
				ENABLE_STRICT_OBJC_MSGSEND = YES;
				ENABLE_TESTABILITY = YES;
				GCC_C_LANGUAGE_STANDARD = gnu11;
				GCC_DYNAMIC_NO_PIC = NO;
				GCC_NO_COMMON_BLOCKS = YES;
				GCC_OPTIMIZATION_LEVEL = 0;
				GCC_PREPROCESSOR_DEFINITIONS = (
					"DEBUG=1",
					"$(inherited)",
				);
				GCC_WARN_64_TO_32_BIT_CONVERSION = YES;
				GCC_WARN_ABOUT_RETURN_TYPE = YES_ERROR;
				GCC_WARN_UNDECLARED_SELECTOR = YES;
				GCC_WARN_UNINITIALIZED_AUTOS = YES_AGGRESSIVE;
				GCC_WARN_UNUSED_FUNCTION = YES;
				GCC_WARN_UNUSED_VARIABLE = YES;
				IPHONEOS_DEPLOYMENT_TARGET = 14.4;
				MTL_ENABLE_DEBUG_INFO = INCLUDE_SOURCE;
				MTL_FAST_MATH = YES;
				ONLY_ACTIVE_ARCH = YES;
				SDKROOT = iphoneos;
				SWIFT_ACTIVE_COMPILATION_CONDITIONS = DEBUG;
				SWIFT_OPTIMIZATION_LEVEL = "-Onone";
			};
			name = Debug;
		};
		5078234F25F9376E0003B794 /* Release */ = {
			isa = XCBuildConfiguration;
			buildSettings = {
				ALWAYS_SEARCH_USER_PATHS = NO;
				CLANG_ANALYZER_NONNULL = YES;
				CLANG_ANALYZER_NUMBER_OBJECT_CONVERSION = YES_AGGRESSIVE;
				CLANG_CXX_LANGUAGE_STANDARD = "gnu++14";
				CLANG_CXX_LIBRARY = "libc++";
				CLANG_ENABLE_MODULES = YES;
				CLANG_ENABLE_OBJC_ARC = YES;
				CLANG_ENABLE_OBJC_WEAK = YES;
				CLANG_WARN_BLOCK_CAPTURE_AUTORELEASING = YES;
				CLANG_WARN_BOOL_CONVERSION = YES;
				CLANG_WARN_COMMA = YES;
				CLANG_WARN_CONSTANT_CONVERSION = YES;
				CLANG_WARN_DEPRECATED_OBJC_IMPLEMENTATIONS = YES;
				CLANG_WARN_DIRECT_OBJC_ISA_USAGE = YES_ERROR;
				CLANG_WARN_DOCUMENTATION_COMMENTS = YES;
				CLANG_WARN_EMPTY_BODY = YES;
				CLANG_WARN_ENUM_CONVERSION = YES;
				CLANG_WARN_INFINITE_RECURSION = YES;
				CLANG_WARN_INT_CONVERSION = YES;
				CLANG_WARN_NON_LITERAL_NULL_CONVERSION = YES;
				CLANG_WARN_OBJC_IMPLICIT_RETAIN_SELF = YES;
				CLANG_WARN_OBJC_LITERAL_CONVERSION = YES;
				CLANG_WARN_OBJC_ROOT_CLASS = YES_ERROR;
				CLANG_WARN_QUOTED_INCLUDE_IN_FRAMEWORK_HEADER = YES;
				CLANG_WARN_RANGE_LOOP_ANALYSIS = YES;
				CLANG_WARN_STRICT_PROTOTYPES = YES;
				CLANG_WARN_SUSPICIOUS_MOVE = YES;
				CLANG_WARN_UNGUARDED_AVAILABILITY = YES_AGGRESSIVE;
				CLANG_WARN_UNREACHABLE_CODE = YES;
				CLANG_WARN__DUPLICATE_METHOD_MATCH = YES;
				COPY_PHASE_STRIP = NO;
				DEBUG_INFORMATION_FORMAT = "dwarf-with-dsym";
				ENABLE_NS_ASSERTIONS = NO;
				ENABLE_STRICT_OBJC_MSGSEND = YES;
				GCC_C_LANGUAGE_STANDARD = gnu11;
				GCC_NO_COMMON_BLOCKS = YES;
				GCC_WARN_64_TO_32_BIT_CONVERSION = YES;
				GCC_WARN_ABOUT_RETURN_TYPE = YES_ERROR;
				GCC_WARN_UNDECLARED_SELECTOR = YES;
				GCC_WARN_UNINITIALIZED_AUTOS = YES_AGGRESSIVE;
				GCC_WARN_UNUSED_FUNCTION = YES;
				GCC_WARN_UNUSED_VARIABLE = YES;
				IPHONEOS_DEPLOYMENT_TARGET = 14.4;
				MTL_ENABLE_DEBUG_INFO = NO;
				MTL_FAST_MATH = YES;
				SDKROOT = iphoneos;
				SWIFT_COMPILATION_MODE = wholemodule;
				SWIFT_OPTIMIZATION_LEVEL = "-O";
				VALIDATE_PRODUCT = YES;
			};
			name = Release;
		};
		5078235125F9376E0003B794 /* Debug */ = {
			isa = XCBuildConfiguration;
			baseConfigurationReference = 1F8340647C279F5FE62219A7 /* Pods-Cluno.debug.xcconfig */;
			buildSettings = {
				ASSETCATALOG_COMPILER_APPICON_NAME = AppIcon;
				ASSETCATALOG_COMPILER_GLOBAL_ACCENT_COLOR_NAME = AccentColor;
				CODE_SIGN_STYLE = Automatic;
				DEVELOPMENT_ASSET_PATHS = "\"Cluno/SupportFiles/Preview Content\"";
				DEVELOPMENT_TEAM = 7MBUBXKW3M;
				ENABLE_PREVIEWS = YES;
				INFOPLIST_FILE = Cluno/SupportFiles/Info.plist;
				LD_RUNPATH_SEARCH_PATHS = (
					"$(inherited)",
					"@executable_path/Frameworks",
				);
				PRODUCT_BUNDLE_IDENTIFIER = com.myProjects.Cluno;
				PRODUCT_NAME = "$(TARGET_NAME)";
				SWIFT_VERSION = 5.0;
				TARGETED_DEVICE_FAMILY = "1,2";
			};
			name = Debug;
		};
		5078235225F9376E0003B794 /* Release */ = {
			isa = XCBuildConfiguration;
			baseConfigurationReference = 17F98B2D12C49ACBF50131AD /* Pods-Cluno.release.xcconfig */;
			buildSettings = {
				ASSETCATALOG_COMPILER_APPICON_NAME = AppIcon;
				ASSETCATALOG_COMPILER_GLOBAL_ACCENT_COLOR_NAME = AccentColor;
				CODE_SIGN_STYLE = Automatic;
				DEVELOPMENT_ASSET_PATHS = "\"Cluno/SupportFiles/Preview Content\"";
				DEVELOPMENT_TEAM = 7MBUBXKW3M;
				ENABLE_PREVIEWS = YES;
				INFOPLIST_FILE = Cluno/SupportFiles/Info.plist;
				LD_RUNPATH_SEARCH_PATHS = (
					"$(inherited)",
					"@executable_path/Frameworks",
				);
				PRODUCT_BUNDLE_IDENTIFIER = com.myProjects.Cluno;
				PRODUCT_NAME = "$(TARGET_NAME)";
				SWIFT_VERSION = 5.0;
				TARGETED_DEVICE_FAMILY = "1,2";
			};
			name = Release;
		};
/* End XCBuildConfiguration section */

/* Begin XCConfigurationList section */
		5078233725F9376D0003B794 /* Build configuration list for PBXProject "Cluno" */ = {
			isa = XCConfigurationList;
			buildConfigurations = (
				5078234E25F9376E0003B794 /* Debug */,
				5078234F25F9376E0003B794 /* Release */,
			);
			defaultConfigurationIsVisible = 0;
			defaultConfigurationName = Release;
		};
		5078235025F9376E0003B794 /* Build configuration list for PBXNativeTarget "Cluno" */ = {
			isa = XCConfigurationList;
			buildConfigurations = (
				5078235125F9376E0003B794 /* Debug */,
				5078235225F9376E0003B794 /* Release */,
			);
			defaultConfigurationIsVisible = 0;
			defaultConfigurationName = Release;
		};
/* End XCConfigurationList section */
	};
	rootObject = 5078233425F9376D0003B794 /* Project object */;
}
